github.com/alecthomas/template v0.0.0-20190718012654-fb15b899a751 h1:JYp7IbQjafoB+tBA3gMyHYHrpOtNuDiK/uB5uXxq5wM=
github.com/alecthomas/template v0.0.0-20190718012654-fb15b899a751/go.mod h1:LOuyumcjzFXgccqObfd/Ljyb9UuFJ6TxHnclSeseNhc=
github.com/alecthomas/units v0.0.0-20190717042225-c3de453c63f4 h1:Hs82Z41s6SdL1CELW+XaDYmOH4hkBN4/N9og/AsOv7E=
github.com/alecthomas/units v0.0.0-20190717042225-c3de453c63f4/go.mod h1:ybxpYRFXyAe+OPACYpWeL0wqObRcbAqCMya13uyzqw0=
github.com/bnagy/gapstone v0.0.0-20190822022427-21259e70af33 h1:ovLZUFRdN5teEfVkHzC5q2gkSIngtRQFghUkoIGNlEw=
github.com/bnagy/gapstone v0.0.0-20190822022427-21259e70af33/go.mod h1:d1o1fFyYsZmHPaDFsSrWMD1fwRqU/KMZiY0//gtBIdc=
github.com/jroimartin/gocui v0.4.0 h1:52jnalstgmc25FmtGcWqa0tcbMEWS6RpFLsOIO+I+E8=
github.com/jroimartin/gocui v0.4.0/go.mod h1:7i7bbj99OgFHzo7kB2zPb8pXLqMBSQegY7azfqXMkyY=
github.com/keystone-engine/beta v0.0.0-20190802134503-c4de98f71f05 h1:8QUabkb1HmlB6w74Pr4y3yGbptDFDZ2MOZkDqheRT10=
github.com/keystone-engine/beta v0.0.0-20190802134503-c4de98f71f05/go.mod h1:OdglOD0b8EoAy3gfoJ8iESVhBxU628mdCNy5Icd5NhI=
github.com/keystone-engine/keystone v0.0.0-20190802134503-c4de98f71f05 h1:FB0hS1A3zScSF/8TZwe81sveyJLe1BvZ0hdlUxkxfbI=
github.com/keystone-engine/keystone v0.0.0-20190802134503-c4de98f71f05/go.mod h1:x6RBIUBOBxJTcZKLVYb8fgJ5gvADotFWIZNeVVIpZG4=
github.com/mattn/go-runewidth v0.0.4 h1:2BvfKmzob6Bmd4YsL0zygOqfdFnK7GR4QL06Do4/p7Y=
github.com/mattn/go-runewidth v0.0.4/go.mod h1:LwmH8dsx7+W8Uxz3IHJYH5QSwggIsqBzpuz5H//U1FU=
github.com/nsf/termbox-go v0.0.0-20190817171036-93860e161317 h1:hhGN4SFXgXo61Q4Sjj/X9sBjyeSa2kdpaOzCO+8EVQw=
github.com/nsf/termbox-go v0.0.0-20190817171036-93860e161317/go.mod h1:IuKpRQcYE1Tfu+oAQqaLisqDeXgjyyltCfsaoYN18NQ=
gopkg.in/alecthomas/kingpin.v2 v2.2.6 h1:jMFz6MfLP0/4fUyZle81rXUoxOBFi19VUFKVDOQfozc=
gopkg.in/alecthomas/kingpin.v2 v2.2.6/go.mod h1:FMv+mEhP44yOT+4EoQTLFTRgOQ1FBLkstjWtayDeSgw=
